
Microsoft Visual Studio Solution File, Format Version 12.00
# Visual Studio Version 17
VisualStudioVersion = 17.2.32519.379
MinimumVisualStudioVersion = 10.0.40219.1
Project("{FAE04EC0-301F-11D3-BF4B-00C04F79EFBC}") = "ApiPlayer", "ApiPlayer\ApiPlayer.csproj", "{DB216B45-F92A-408F-BDDA-3E076CA3D70F}"
EndProject
Global
	GlobalSection(SolutionConfigurationPlatforms) = preSolution
		Debug|Any CPU = Debug|Any CPU
		Release|Any CPU = Release|Any CPU
	EndGlobalSection
	GlobalSection(ProjectConfigurationPlatforms) = postSolution
		{DB216B45-F92A-408F-BDDA-3E076CA3D70F}.Debug|Any CPU.ActiveCfg = Debug|Any CPU
		{DB216B45-F92A-408F-BDDA-3E076CA3D70F}.Debug|Any CPU.Build.0 = Debug|Any CPU
		{DB216B45-F92A-408F-BDDA-3E076CA3D70F}.Release|Any CPU.ActiveCfg = Release|Any CPU
		{DB216B45-F92A-408F-BDDA-3E076CA3D70F}.Release|Any CPU.Build.0 = Release|Any CPU
	EndGlobalSection
	GlobalSection(SolutionProperties) = preSolution
		HideSolutionNode = FALSE
	EndGlobalSection
	GlobalSection(ExtensibilityGlobals) = postSolution
		SolutionGuid = {102AE161-5F97-4C28-A86B-CEC5F2F931BB}
	EndGlobalSection
EndGlobal
